Microsoft Visual Studio Solution File, Format Version 12.00
# Visual Studio 14
VisualStudioVersion = 14.0.25420.1
MinimumVisualStudioVersion = 10.0.40219.1
Project("{8BC9CEB8-8B4A-11D0-8D11-00A0C91BC942}") = "fdetection", "..\fdetection\fdetection.vcxproj", "{7E939949-E36D-4453-9F12-E8F150CEED1B}"
EndProject
Project("{8BC9CEB8-8B4A-11D0-8D11-00A0C91BC942}") = "test-det", "test-det.vcxproj", "{3ADDD5E6-6249-3E1A-A64D-37605ECB4640}"
EndProject
Global
	GlobalSection(SolutionConfigurationPlatforms) = preSolution
		Debug|x64 = Debug|x64
		Debug|x86 = Debug|x86
		MinSizeRel|x64 = MinSizeRel|x64
		MinSizeRel|x86 = MinSizeRel|x86
		Release|x64 = Release|x64
		Release|x86 = Release|x86
		RelWithDebInfo|x64 = RelWithDebInfo|x64
		RelWithDebInfo|x86 = RelWithDebInfo|x86
	EndGlobalSection
	GlobalSection(ProjectConfigurationPlatforms) = postSolution
		{7E939949-E36D-4453-9F12-E8F150CEED1B}.Debug|x64.ActiveCfg = Debug|x64
		{7E939949-E36D-4453-9F12-E8F150CEED1B}.Debug|x64.Build.0 = Debug|x64
		{7E939949-E36D-4453-9F12-E8F150CEED1B}.Debug|x86.ActiveCfg = Debug|Win32
		{7E939949-E36D-4453-9F12-E8F150CEED1B}.Debug|x86.Build.0 = Debug|Win32
		{7E939949-E36D-4453-9F12-E8F150CEED1B}.MinSizeRel|x64.ActiveCfg = Release|x64
		{7E939949-E36D-4453-9F12-E8F150CEED1B}.MinSizeRel|x64.Build.0 = Release|x64
		{7E939949-E36D-4453-9F12-E8F150CEED1B}.MinSizeRel|x86.ActiveCfg = Release|Win32
		{7E939949-E36D-4453-9F12-E8F150CEED1B}.MinSizeRel|x86.Build.0 = Release|Win32
		{7E939949-E36D-4453-9F12-E8F150CEED1B}.Release|x64.ActiveCfg = Release|x64
		{7E939949-E36D-4453-9F12-E8F150CEED1B}.Release|x64.Build.0 = Release|x64
		{7E939949-E36D-4453-9F12-E8F150CEED1B}.Release|x86.ActiveCfg = Release|Win32
		{7E939949-E36D-4453-9F12-E8F150CEED1B}.Release|x86.Build.0 = Release|Win32
		{7E939949-E36D-4453-9F12-E8F150CEED1B}.RelWithDebInfo|x64.ActiveCfg = Release|x64
		{7E939949-E36D-4453-9F12-E8F150CEED1B}.RelWithDebInfo|x64.Build.0 = Release|x64
		{7E939949-E36D-4453-9F12-E8F150CEED1B}.RelWithDebInfo|x86.ActiveCfg = Release|Win32
		{7E939949-E36D-4453-9F12-E8F150CEED1B}.RelWithDebInfo|x86.Build.0 = Release|Win32
		{3ADDD5E6-6249-3E1A-A64D-37605ECB4640}.Debug|x64.ActiveCfg = Debug|x64
		{3ADDD5E6-6249-3E1A-A64D-37605ECB4640}.Debug|x64.Build.0 = Debug|x64
		{3ADDD5E6-6249-3E1A-A64D-37605ECB4640}.Debug|x86.ActiveCfg = Debug|x64
		{3ADDD5E6-6249-3E1A-A64D-37605ECB4640}.MinSizeRel|x64.ActiveCfg = MinSizeRel|x64
		{3ADDD5E6-6249-3E1A-A64D-37605ECB4640}.MinSizeRel|x64.Build.0 = MinSizeRel|x64
		{3ADDD5E6-6249-3E1A-A64D-37605ECB4640}.MinSizeRel|x86.ActiveCfg = MinSizeRel|x64
		{3ADDD5E6-6249-3E1A-A64D-37605ECB4640}.Release|x64.ActiveCfg = Release|x64
		{3ADDD5E6-6249-3E1A-A64D-37605ECB4640}.Release|x64.Build.0 = Release|x64
		{3ADDD5E6-6249-3E1A-A64D-37605ECB4640}.Release|x86.ActiveCfg = Release|x64
		{3ADDD5E6-6249-3E1A-A64D-37605ECB4640}.RelWithDebInfo|x64.ActiveCfg = RelWithDebInfo|x64
		{3ADDD5E6-6249-3E1A-A64D-37605ECB4640}.RelWithDebInfo|x64.Build.0 = RelWithDebInfo|x64
		{3ADDD5E6-6249-3E1A-A64D-37605ECB4640}.RelWithDebInfo|x86.ActiveCfg = RelWithDebInfo|x64
	EndGlobalSection
	GlobalSection(SolutionProperties) = preSolution
		HideSolutionNode = FALSE
	EndGlobalSection
	GlobalSection(ExtensibilityGlobals) = postSolution
		SolutionGuid = {97DF7378-B58A-37DB-81BF-00E7BDC44B37}
	EndGlobalSection
EndGlobal
